
Microsoft Visual Studio Solution File, Format Version 12.00
# Visual Studio Version 16
VisualStudioVersion = 16.0.29728.190
MinimumVisualStudioVersion = 10.0.40219.1
Project("{9A19103F-16F7-4668-BE54-9A1E7A4F7556}") = "DAS-Capture-The-Flag.Web", "SFA.DAS.CaptureTheFlag.Web\DAS-Capture-The-Flag.Web.csproj", "{F3FA2D88-5BE0-4AC8-8800-C6805BEFD7EA}"
EndProject
Project("{FAE04EC0-301F-11D3-BF4B-00C04F79EFBC}") = "DAS-Capture-The-Flag.Web.UnitTests", "DAS-Capture-The-Flag.Web.UnitTests\DAS-Capture-The-Flag.Web.UnitTests.csproj", "{68E5FB47-B757-4B54-BD83-9050BFA41D41}"
EndProject
Project("{FAE04EC0-301F-11D3-BF4B-00C04F79EFBC}") = "DAS-Capture-The-Flag.Application", "DAS-Capture-The-Flag.Application\DAS-Capture-The-Flag.Application.csproj", "{B6AEE04E-2328-4210-800D-81D7265443C8}"
EndProject
Project("{FAE04EC0-301F-11D3-BF4B-00C04F79EFBC}") = "DAS-Capture-The-Flag.Application.UnitTests", "DAS-Capture-The-Flag.Application.UnitTests\DAS-Capture-The-Flag.Application.UnitTests.csproj", "{E0E9F14F-6401-41D8-8C47-4E88D7C9268D}"
EndProject
Global
	GlobalSection(SolutionConfigurationPlatforms) = preSolution
		Debug|Any CPU = Debug|Any CPU
		Release|Any CPU = Release|Any CPU
	EndGlobalSection
	GlobalSection(ProjectConfigurationPlatforms) = postSolution
		{F3FA2D88-5BE0-4AC8-8800-C6805BEFD7EA}.Debug|Any CPU.ActiveCfg = Debug|Any CPU
		{F3FA2D88-5BE0-4AC8-8800-C6805BEFD7EA}.Debug|Any CPU.Build.0 = Debug|Any CPU
		{F3FA2D88-5BE0-4AC8-8800-C6805BEFD7EA}.Release|Any CPU.ActiveCfg = Release|Any CPU
		{F3FA2D88-5BE0-4AC8-8800-C6805BEFD7EA}.Release|Any CPU.Build.0 = Release|Any CPU
		{68E5FB47-B757-4B54-BD83-9050BFA41D41}.Debug|Any CPU.ActiveCfg = Debug|Any CPU
		{68E5FB47-B757-4B54-BD83-9050BFA41D41}.Debug|Any CPU.Build.0 = Debug|Any CPU
		{68E5FB47-B757-4B54-BD83-9050BFA41D41}.Release|Any CPU.ActiveCfg = Release|Any CPU
		{68E5FB47-B757-4B54-BD83-9050BFA41D41}.Release|Any CPU.Build.0 = Release|Any CPU
		{B6AEE04E-2328-4210-800D-81D7265443C8}.Debug|Any CPU.ActiveCfg = Debug|Any CPU
		{B6AEE04E-2328-4210-800D-81D7265443C8}.Debug|Any CPU.Build.0 = Debug|Any CPU
		{B6AEE04E-2328-4210-800D-81D7265443C8}.Release|Any CPU.ActiveCfg = Release|Any CPU
		{B6AEE04E-2328-4210-800D-81D7265443C8}.Release|Any CPU.Build.0 = Release|Any CPU
		{E0E9F14F-6401-41D8-8C47-4E88D7C9268D}.Debug|Any CPU.ActiveCfg = Debug|Any CPU
		{E0E9F14F-6401-41D8-8C47-4E88D7C9268D}.Debug|Any CPU.Build.0 = Debug|Any CPU
		{E0E9F14F-6401-41D8-8C47-4E88D7C9268D}.Release|Any CPU.ActiveCfg = Release|Any CPU
		{E0E9F14F-6401-41D8-8C47-4E88D7C9268D}.Release|Any CPU.Build.0 = Release|Any CPU
	EndGlobalSection
	GlobalSection(SolutionProperties) = preSolution
		HideSolutionNode = FALSE
	EndGlobalSection
	GlobalSection(ExtensibilityGlobals) = postSolution
		SolutionGuid = {2FD3983D-F2EA-4537-8BE8-F40EFD07C48B}
	EndGlobalSection
EndGlobal
